// !$*UTF8*$!
{
	archiveVersion = 1;
	classes = {
	};
	objectVersion = 50;
	objects = {

/* Begin PBXBuildFile section */
		A31E4DBA25936AB70013BF02 /* Cafe.swift in Sources */ = {isa = PBXBuildFile; fileRef = A31E4DB925936AB70013BF02 /* Cafe.swift */; };
		A31E4DBE2594C7490013BF02 /* PCAlertContainerView.swift in Sources */ = {isa = PBXBuildFile; fileRef = A31E4DBD2594C7490013BF02 /* PCAlertContainerView.swift */; };
		A31E4DC32594C7840013BF02 /* PCAlertVC.swift in Sources */ = {isa = PBXBuildFile; fileRef = A31E4DC22594C7840013BF02 /* PCAlertVC.swift */; };
		A31E4DC72594C7C30013BF02 /* PCBodyLabel.swift in Sources */ = {isa = PBXBuildFile; fileRef = A31E4DC62594C7C30013BF02 /* PCBodyLabel.swift */; };
		A31E4DCB2594C8340013BF02 /* UIView+Ext.swift in Sources */ = {isa = PBXBuildFile; fileRef = A31E4DCA2594C8340013BF02 /* UIView+Ext.swift */; };
		A31E4DCF2594C8600013BF02 /* UIViewController+Ext.swift in Sources */ = {isa = PBXBuildFile; fileRef = A31E4DCE2594C8600013BF02 /* UIViewController+Ext.swift */; };
		A31EAD792592244400A72021 /* FilterVC.swift in Sources */ = {isa = PBXBuildFile; fileRef = A31EAD782592244400A72021 /* FilterVC.swift */; };
		A31EAD7E259224BC00A72021 /* PCTitleLabel.swift in Sources */ = {isa = PBXBuildFile; fileRef = A31EAD7D259224BC00A72021 /* PCTitleLabel.swift */; };
		A31EAD81259224EC00A72021 /* PCSecondaryLabel.swift in Sources */ = {isa = PBXBuildFile; fileRef = A31EAD80259224EC00A72021 /* PCSecondaryLabel.swift */; };
		A31EAD842592267800A72021 /* ResultsVC.swift in Sources */ = {isa = PBXBuildFile; fileRef = A31EAD832592267800A72021 /* ResultsVC.swift */; };
		A320AB8E25B6C2310040D5B3 /* UIButton+Ext.swift in Sources */ = {isa = PBXBuildFile; fileRef = A320AB8D25B6C2310040D5B3 /* UIButton+Ext.swift */; };
		A320AB9125B6DE740040D5B3 /* MapVC.swift in Sources */ = {isa = PBXBuildFile; fileRef = A320AB9025B6DE740040D5B3 /* MapVC.swift */; };
		A340245525B07F2500037D4A /* PCDatePickerTextField.swift in Sources */ = {isa = PBXBuildFile; fileRef = A340245425B07F2500037D4A /* PCDatePickerTextField.swift */; };
		A34662EF25A596C000F68CAA /* EditCategoryVC.swift in Sources */ = {isa = PBXBuildFile; fileRef = A34662EE25A596C000F68CAA /* EditCategoryVC.swift */; };
		A347952025B5B92B009B8719 /* PCPriceVC.swift in Sources */ = {isa = PBXBuildFile; fileRef = A347951F25B5B92B009B8719 /* PCPriceVC.swift */; };
		A356737E25AF47E800CEAB50 /* PCOpeningHoursVC.swift in Sources */ = {isa = PBXBuildFile; fileRef = A356737D25AF47E800CEAB50 /* PCOpeningHoursVC.swift */; };
		A35CC26F25935B2700542907 /* APIKeys.swift in Sources */ = {isa = PBXBuildFile; fileRef = A35CC26E25935B2700542907 /* APIKeys.swift */; };
		A35CC2732593647300542907 /* NetworkManager.swift in Sources */ = {isa = PBXBuildFile; fileRef = A35CC2722593647300542907 /* NetworkManager.swift */; };
		A387573D25B1E7AB00D72FC2 /* PCAnnotationView.swift in Sources */ = {isa = PBXBuildFile; fileRef = A387573C25B1E7AB00D72FC2 /* PCAnnotationView.swift */; };
		A390847925A5C04800CEAFFC /* PCCategoryCell.swift in Sources */ = {isa = PBXBuildFile; fileRef = A390847825A5C04800CEAFFC /* PCCategoryCell.swift */; };
		A390847C25A5E6C800CEAFFC /* NewCategoryVC.swift in Sources */ = {isa = PBXBuildFile; fileRef = A390847B25A5E6C800CEAFFC /* NewCategoryVC.swift */; };
		A390847F25A5E74F00CEAFFC /* PCCategoryNameView.swift in Sources */ = {isa = PBXBuildFile; fileRef = A390847E25A5E74F00CEAFFC /* PCCategoryNameView.swift */; };
		A390848325A5E9D500CEAFFC /* PCTextField.swift in Sources */ = {isa = PBXBuildFile; fileRef = A390848225A5E9D500CEAFFC /* PCTextField.swift */; };
		A390848825A5EEEC00CEAFFC /* PCFilterListView.swift in Sources */ = {isa = PBXBuildFile; fileRef = A390848725A5EEEC00CEAFFC /* PCFilterListView.swift */; };
		A3B5F61125A8653B008B3D0C /* PCFilterButton.swift in Sources */ = {isa = PBXBuildFile; fileRef = A3B5F61025A8653B008B3D0C /* PCFilterButton.swift */; };
		A3B5F61425A86A3F008B3D0C /* PCCategoryButton.swift in Sources */ = {isa = PBXBuildFile; fileRef = A3B5F61325A86A3F008B3D0C /* PCCategoryButton.swift */; };
		A3B5F61725A8B2A3008B3D0C /* UITextField+Ext.swift in Sources */ = {isa = PBXBuildFile; fileRef = A3B5F61625A8B2A3008B3D0C /* UITextField+Ext.swift */; };
		A3D56C512590A24E00E939B0 /* AppDelegate.swift in Sources */ = {isa = PBXBuildFile; fileRef = A3D56C502590A24E00E939B0 /* AppDelegate.swift */; };
		A3D56C532590A24E00E939B0 /* SceneDelegate.swift in Sources */ = {isa = PBXBuildFile; fileRef = A3D56C522590A24E00E939B0 /* SceneDelegate.swift */; };
		A3D56C552590A24E00E939B0 /* HomeVC.swift in Sources */ = {isa = PBXBuildFile; fileRef = A3D56C542590A24E00E939B0 /* HomeVC.swift */; };
		A3D56C5A2590A25000E939B0 /* Assets.xcassets in Resources */ = {isa = PBXBuildFile; fileRef = A3D56C592590A25000E939B0 /* Assets.xcassets */; };
		A3D56C5D2590A25000E939B0 /* LaunchScreen.storyboard in Resources */ = {isa = PBXBuildFile; fileRef = A3D56C5B2590A25000E939B0 /* LaunchScreen.storyboard */; };
		A3D56C6B2590A66B00E939B0 /* Constants.swift in Sources */ = {isa = PBXBuildFile; fileRef = A3D56C6A2590A66B00E939B0 /* Constants.swift */; };
		A3D56C712590ACFC00E939B0 /* PCButton.swift in Sources */ = {isa = PBXBuildFile; fileRef = A3D56C702590ACFC00E939B0 /* PCButton.swift */; };
		A3D6315E25A1CE22002B47D4 /* Category.swift in Sources */ = {isa = PBXBuildFile; fileRef = A3D6315D25A1CE22002B47D4 /* Category.swift */; };
		A3D6316125A1CE54002B47D4 /* Filter.swift in Sources */ = {isa = PBXBuildFile; fileRef = A3D6316025A1CE54002B47D4 /* Filter.swift */; };
		A3E337152598DD380096E74F /* PCHomeTopView.swift in Sources */ = {isa = PBXBuildFile; fileRef = A3E337142598DD380096E74F /* PCHomeTopView.swift */; };
		A3EF6B8D259A0FBF00415952 /* PCHomeScreenButton.swift in Sources */ = {isa = PBXBuildFile; fileRef = A3EF6B8C259A0FBF00415952 /* PCHomeScreenButton.swift */; };
		A3EF6B90259A41A500415952 /* PCLabelSearchView.swift in Sources */ = {isa = PBXBuildFile; fileRef = A3EF6B8F259A41A500415952 /* PCLabelSearchView.swift */; };
		A3EF6B94259A558200415952 /* PCIconButton.swift in Sources */ = {isa = PBXBuildFile; fileRef = A3EF6B93259A558200415952 /* PCIconButton.swift */; };
		A3EF6B97259A580B00415952 /* PCSectionView.swift in Sources */ = {isa = PBXBuildFile; fileRef = A3EF6B96259A580B00415952 /* PCSectionView.swift */; };
		A3F8E19325ACAF0700D3595E /* PCNewHomeScreenButton.swift in Sources */ = {isa = PBXBuildFile; fileRef = A3F8E19225ACAF0700D3595E /* PCNewHomeScreenButton.swift */; };
/* End PBXBuildFile section */

/* Begin PBXFileReference section */
		A31E4DB925936AB70013BF02 /* Cafe.swift */ = {isa = PBXFileReference; lastKnownFileType = sourcecode.swift; path = Cafe.swift; sourceTree = "<group>"; };
		A31E4DBD2594C7490013BF02 /* PCAlertContainerView.swift */ = {isa = PBXFileReference; lastKnownFileType = sourcecode.swift; path = PCAlertContainerView.swift; sourceTree = "<group>"; };
		A31E4DC22594C7840013BF02 /* PCAlertVC.swift */ = {isa = PBXFileReference; lastKnownFileType = sourcecode.swift; path = PCAlertVC.swift; sourceTree = "<group>"; };
		A31E4DC62594C7C30013BF02 /* PCBodyLabel.swift */ = {isa = PBXFileReference; lastKnownFileType = sourcecode.swift; path = PCBodyLabel.swift; sourceTree = "<group>"; };
		A31E4DCA2594C8340013BF02 /* UIView+Ext.swift */ = {isa = PBXFileReference; lastKnownFileType = sourcecode.swift; path = "UIView+Ext.swift"; sourceTree = "<group>"; };
		A31E4DCE2594C8600013BF02 /* UIViewController+Ext.swift */ = {isa = PBXFileReference; lastKnownFileType = sourcecode.swift; path = "UIViewController+Ext.swift"; sourceTree = "<group>"; };
		A31EAD782592244400A72021 /* FilterVC.swift */ = {isa = PBXFileReference; lastKnownFileType = sourcecode.swift; path = FilterVC.swift; sourceTree = "<group>"; };
		A31EAD7D259224BC00A72021 /* PCTitleLabel.swift */ = {isa = PBXFileReference; lastKnownFileType = sourcecode.swift; path = PCTitleLabel.swift; sourceTree = "<group>"; };
		A31EAD80259224EC00A72021 /* PCSecondaryLabel.swift */ = {isa = PBXFileReference; lastKnownFileType = sourcecode.swift; path = PCSecondaryLabel.swift; sourceTree = "<group>"; };
		A31EAD832592267800A72021 /* ResultsVC.swift */ = {isa = PBXFileReference; lastKnownFileType = sourcecode.swift; path = ResultsVC.swift; sourceTree = "<group>"; };
		A320AB8D25B6C2310040D5B3 /* UIButton+Ext.swift */ = {isa = PBXFileReference; lastKnownFileType = sourcecode.swift; path = "UIButton+Ext.swift"; sourceTree = "<group>"; };
		A320AB9025B6DE740040D5B3 /* MapVC.swift */ = {isa = PBXFileReference; lastKnownFileType = sourcecode.swift; path = MapVC.swift; sourceTree = "<group>"; };
		A340245425B07F2500037D4A /* PCDatePickerTextField.swift */ = {isa = PBXFileReference; lastKnownFileType = sourcecode.swift; path = PCDatePickerTextField.swift; sourceTree = "<group>"; };
		A34662EE25A596C000F68CAA /* EditCategoryVC.swift */ = {isa = PBXFileReference; lastKnownFileType = sourcecode.swift; path = EditCategoryVC.swift; sourceTree = "<group>"; };
		A347951F25B5B92B009B8719 /* PCPriceVC.swift */ = {isa = PBXFileReference; lastKnownFileType = sourcecode.swift; path = PCPriceVC.swift; sourceTree = "<group>"; };
		A356737D25AF47E800CEAB50 /* PCOpeningHoursVC.swift */ = {isa = PBXFileReference; lastKnownFileType = sourcecode.swift; path = PCOpeningHoursVC.swift; sourceTree = "<group>"; };
		A35CC26E25935B2700542907 /* APIKeys.swift */ = {isa = PBXFileReference; lastKnownFileType = sourcecode.swift; path = APIKeys.swift; sourceTree = "<group>"; };
		A35CC2722593647300542907 /* NetworkManager.swift */ = {isa = PBXFileReference; lastKnownFileType = sourcecode.swift; path = NetworkManager.swift; sourceTree = "<group>"; };
		A3614FE52590B23200A34A43 /* Lora-Bold.ttf */ = {isa = PBXFileReference; lastKnownFileType = file; path = "Lora-Bold.ttf"; sourceTree = "<group>"; };
		A3614FE62590B23200A34A43 /* Merriweather-Regular.ttf */ = {isa = PBXFileReference; lastKnownFileType = file; path = "Merriweather-Regular.ttf"; sourceTree = "<group>"; };
		A3614FE72590B23200A34A43 /* Lora-Regular.ttf */ = {isa = PBXFileReference; lastKnownFileType = file; path = "Lora-Regular.ttf"; sourceTree = "<group>"; };
		A3614FE82590B23200A34A43 /* Merriweather-Bold.ttf */ = {isa = PBXFileReference; lastKnownFileType = file; path = "Merriweather-Bold.ttf"; sourceTree = "<group>"; };
		A3614FE92590B23200A34A43 /* Merriweather-Light.ttf */ = {isa = PBXFileReference; lastKnownFileType = file; path = "Merriweather-Light.ttf"; sourceTree = "<group>"; };
		A387573C25B1E7AB00D72FC2 /* PCAnnotationView.swift */ = {isa = PBXFileReference; lastKnownFileType = sourcecode.swift; path = PCAnnotationView.swift; sourceTree = "<group>"; };
		A390847825A5C04800CEAFFC /* PCCategoryCell.swift */ = {isa = PBXFileReference; lastKnownFileType = sourcecode.swift; path = PCCategoryCell.swift; sourceTree = "<group>"; };
		A390847B25A5E6C800CEAFFC /* NewCategoryVC.swift */ = {isa = PBXFileReference; lastKnownFileType = sourcecode.swift; path = NewCategoryVC.swift; sourceTree = "<group>"; };
		A390847E25A5E74F00CEAFFC /* PCCategoryNameView.swift */ = {isa = PBXFileReference; lastKnownFileType = sourcecode.swift; path = PCCategoryNameView.swift; sourceTree = "<group>"; };
		A390848225A5E9D500CEAFFC /* PCTextField.swift */ = {isa = PBXFileReference; lastKnownFileType = sourcecode.swift; path = PCTextField.swift; sourceTree = "<group>"; };
		A390848725A5EEEC00CEAFFC /* PCFilterListView.swift */ = {isa = PBXFileReference; lastKnownFileType = sourcecode.swift; path = PCFilterListView.swift; sourceTree = "<group>"; };
		A3B5F61025A8653B008B3D0C /* PCFilterButton.swift */ = {isa = PBXFileReference; lastKnownFileType = sourcecode.swift; path = PCFilterButton.swift; sourceTree = "<group>"; };
		A3B5F61325A86A3F008B3D0C /* PCCategoryButton.swift */ = {isa = PBXFileReference; lastKnownFileType = sourcecode.swift; path = PCCategoryButton.swift; sourceTree = "<group>"; };
		A3B5F61625A8B2A3008B3D0C /* UITextField+Ext.swift */ = {isa = PBXFileReference; lastKnownFileType = sourcecode.swift; path = "UITextField+Ext.swift"; sourceTree = "<group>"; };
		A3D56C4D2590A24E00E939B0 /* Project Cafe.app */ = {isa = PBXFileReference; explicitFileType = wrapper.application; includeInIndex = 0; path = "Project Cafe.app"; sourceTree = BUILT_PRODUCTS_DIR; };
		A3D56C502590A24E00E939B0 /* AppDelegate.swift */ = {isa = PBXFileReference; lastKnownFileType = sourcecode.swift; path = AppDelegate.swift; sourceTree = "<group>"; };
		A3D56C522590A24E00E939B0 /* SceneDelegate.swift */ = {isa = PBXFileReference; lastKnownFileType = sourcecode.swift; path = SceneDelegate.swift; sourceTree = "<group>"; };
		A3D56C542590A24E00E939B0 /* HomeVC.swift */ = {isa = PBXFileReference; lastKnownFileType = sourcecode.swift; path = HomeVC.swift; sourceTree = "<group>"; };
		A3D56C592590A25000E939B0 /* Assets.xcassets */ = {isa = PBXFileReference; lastKnownFileType = folder.assetcatalog; path = Assets.xcassets; sourceTree = "<group>"; };
		A3D56C5C2590A25000E939B0 /* Base */ = {isa = PBXFileReference; lastKnownFileType = file.storyboard; name = Base; path = Base.lproj/LaunchScreen.storyboard; sourceTree = "<group>"; };
		A3D56C5E2590A25000E939B0 /* Info.plist */ = {isa = PBXFileReference; lastKnownFileType = text.plist.xml; path = Info.plist; sourceTree = "<group>"; };
		A3D56C6A2590A66B00E939B0 /* Constants.swift */ = {isa = PBXFileReference; lastKnownFileType = sourcecode.swift; path = Constants.swift; sourceTree = "<group>"; };
		A3D56C702590ACFC00E939B0 /* PCButton.swift */ = {isa = PBXFileReference; lastKnownFileType = sourcecode.swift; path = PCButton.swift; sourceTree = "<group>"; };
		A3D6315D25A1CE22002B47D4 /* Category.swift */ = {isa = PBXFileReference; lastKnownFileType = sourcecode.swift; path = Category.swift; sourceTree = "<group>"; };
		A3D6316025A1CE54002B47D4 /* Filter.swift */ = {isa = PBXFileReference; lastKnownFileType = sourcecode.swift; path = Filter.swift; sourceTree = "<group>"; };
		A3E337142598DD380096E74F /* PCHomeTopView.swift */ = {isa = PBXFileReference; lastKnownFileType = sourcecode.swift; path = PCHomeTopView.swift; sourceTree = "<group>"; };
		A3EF6B8C259A0FBF00415952 /* PCHomeScreenButton.swift */ = {isa = PBXFileReference; lastKnownFileType = sourcecode.swift; path = PCHomeScreenButton.swift; sourceTree = "<group>"; };
		A3EF6B8F259A41A500415952 /* PCLabelSearchView.swift */ = {isa = PBXFileReference; lastKnownFileType = sourcecode.swift; path = PCLabelSearchView.swift; sourceTree = "<group>"; };
		A3EF6B93259A558200415952 /* PCIconButton.swift */ = {isa = PBXFileReference; lastKnownFileType = sourcecode.swift; path = PCIconButton.swift; sourceTree = "<group>"; };
		A3EF6B96259A580B00415952 /* PCSectionView.swift */ = {isa = PBXFileReference; lastKnownFileType = sourcecode.swift; path = PCSectionView.swift; sourceTree = "<group>"; };
		A3F8E19225ACAF0700D3595E /* PCNewHomeScreenButton.swift */ = {isa = PBXFileReference; lastKnownFileType = sourcecode.swift; path = PCNewHomeScreenButton.swift; sourceTree = "<group>"; };
/* End PBXFileReference section */

/* Begin PBXFrameworksBuildPhase section */
		A3D56C4A2590A24E00E939B0 /* Frameworks */ = {
			isa = PBXFrameworksBuildPhase;
			buildActionMask = 2147483647;
			files = (
			);
			runOnlyForDeploymentPostprocessing = 0;
		};
/* End PBXFrameworksBuildPhase section */

/* Begin PBXGroup section */
		A31E4DB825936AB10013BF02 /* Model */ = {
			isa = PBXGroup;
			children = (
				A31E4DB925936AB70013BF02 /* Cafe.swift */,
				A3D6315D25A1CE22002B47D4 /* Category.swift */,
				A3D6316025A1CE54002B47D4 /* Filter.swift */,
			);
			path = Model;
			sourceTree = "<group>";
		};
		A31E4DBC2594C7340013BF02 /* Views */ = {
			isa = PBXGroup;
			children = (
				A31E4DBD2594C7490013BF02 /* PCAlertContainerView.swift */,
				A3E337142598DD380096E74F /* PCHomeTopView.swift */,
				A3EF6B8F259A41A500415952 /* PCLabelSearchView.swift */,
				A390847E25A5E74F00CEAFFC /* PCCategoryNameView.swift */,
				A3EF6B96259A580B00415952 /* PCSectionView.swift */,
				A390848725A5EEEC00CEAFFC /* PCFilterListView.swift */,
				A387573C25B1E7AB00D72FC2 /* PCAnnotationView.swift */,
			);
			path = Views;
			sourceTree = "<group>";
		};
		A31E4DC12594C7710013BF02 /* View Controllers */ = {
			isa = PBXGroup;
			children = (
				A31E4DC22594C7840013BF02 /* PCAlertVC.swift */,
				A356737D25AF47E800CEAB50 /* PCOpeningHoursVC.swift */,
				A347951F25B5B92B009B8719 /* PCPriceVC.swift */,
			);
			path = "View Controllers";
			sourceTree = "<group>";
		};
		A31E4DC92594C8230013BF02 /* Extensions */ = {
			isa = PBXGroup;
			children = (
				A31E4DCA2594C8340013BF02 /* UIView+Ext.swift */,
				A3B5F61625A8B2A3008B3D0C /* UITextField+Ext.swift */,
				A31E4DCE2594C8600013BF02 /* UIViewController+Ext.swift */,
				A320AB8D25B6C2310040D5B3 /* UIButton+Ext.swift */,
			);
			path = Extensions;
			sourceTree = "<group>";
		};
		A31EAD7C259224A400A72021 /* Labels */ = {
			isa = PBXGroup;
			children = (
				A31EAD7D259224BC00A72021 /* PCTitleLabel.swift */,
				A31EAD80259224EC00A72021 /* PCSecondaryLabel.swift */,
				A31E4DC62594C7C30013BF02 /* PCBodyLabel.swift */,
			);
			path = Labels;
			sourceTree = "<group>";
		};
		A35CC2712593645E00542907 /* Managers */ = {
			isa = PBXGroup;
			children = (
				A35CC2722593647300542907 /* NetworkManager.swift */,
			);
			path = Managers;
			sourceTree = "<group>";
		};
		A390848125A5E9B600CEAFFC /* TextFields */ = {
			isa = PBXGroup;
			children = (
				A390848225A5E9D500CEAFFC /* PCTextField.swift */,
				A340245425B07F2500037D4A /* PCDatePickerTextField.swift */,
			);
			path = TextFields;
			sourceTree = "<group>";
		};
		A3D56C442590A24E00E939B0 = {
			isa = PBXGroup;
			children = (
				A3D56C4F2590A24E00E939B0 /* Project Cafe */,
				A3D56C4E2590A24E00E939B0 /* Products */,
			);
			sourceTree = "<group>";
		};
		A3D56C4E2590A24E00E939B0 /* Products */ = {
			isa = PBXGroup;
			children = (
				A3D56C4D2590A24E00E939B0 /* Project Cafe.app */,
			);
			name = Products;
			sourceTree = "<group>";
		};
		A3D56C4F2590A24E00E939B0 /* Project Cafe */ = {
			isa = PBXGroup;
			children = (
				A31E4DC92594C8230013BF02 /* Extensions */,
				A31E4DB825936AB10013BF02 /* Model */,
				A35CC2712593645E00542907 /* Managers */,
				A3D56C6E2590ACD500E939B0 /* Custom Views */,
				A3D56C692590A65900E939B0 /* Utilities */,
				A3D56C682590A56400E939B0 /* Support */,
				A3D56C672590A54D00E939B0 /* Screens */,
				A3D56C5E2590A25000E939B0 /* Info.plist */,
			);
			path = "Project Cafe";
			sourceTree = "<group>";
		};
		A3D56C672590A54D00E939B0 /* Screens */ = {
			isa = PBXGroup;
			children = (
				A3D56C542590A24E00E939B0 /* HomeVC.swift */,
				A31EAD782592244400A72021 /* FilterVC.swift */,
				A320AB9025B6DE740040D5B3 /* MapVC.swift */,
				A34662EE25A596C000F68CAA /* EditCategoryVC.swift */,
				A390847B25A5E6C800CEAFFC /* NewCategoryVC.swift */,
				A31EAD832592267800A72021 /* ResultsVC.swift */,
			);
			path = Screens;
			sourceTree = "<group>";
		};
		A3D56C682590A56400E939B0 /* Support */ = {
			isa = PBXGroup;
			children = (
				A3D56C502590A24E00E939B0 /* AppDelegate.swift */,
				A3D56C522590A24E00E939B0 /* SceneDelegate.swift */,
				A3D56C592590A25000E939B0 /* Assets.xcassets */,
				A3D56C5B2590A25000E939B0 /* LaunchScreen.storyboard */,
			);
			path = Support;
			sourceTree = "<group>";
		};
		A3D56C692590A65900E939B0 /* Utilities */ = {
			isa = PBXGroup;
			children = (
				A3D56C732590B18300E939B0 /* Fonts */,
				A3D56C6A2590A66B00E939B0 /* Constants.swift */,
				A35CC26E25935B2700542907 /* APIKeys.swift */,
			);
			path = Utilities;
			sourceTree = "<group>";
		};
		A3D56C6E2590ACD500E939B0 /* Custom Views */ = {
			isa = PBXGroup;
			children = (
				A390848125A5E9B600CEAFFC /* TextFields */,
				A3F261E0259CB82000D881EF /* Cells */,
				A31E4DC12594C7710013BF02 /* View Controllers */,
				A31E4DBC2594C7340013BF02 /* Views */,
				A31EAD7C259224A400A72021 /* Labels */,
				A3D56C6F2590ACDE00E939B0 /* Buttons */,
			);
			path = "Custom Views";
			sourceTree = "<group>";
		};
		A3D56C6F2590ACDE00E939B0 /* Buttons */ = {
			isa = PBXGroup;
			children = (
				A3D56C702590ACFC00E939B0 /* PCButton.swift */,
				A3EF6B8C259A0FBF00415952 /* PCHomeScreenButton.swift */,
				A3F8E19225ACAF0700D3595E /* PCNewHomeScreenButton.swift */,
				A3EF6B93259A558200415952 /* PCIconButton.swift */,
				A3B5F61025A8653B008B3D0C /* PCFilterButton.swift */,
				A3B5F61325A86A3F008B3D0C /* PCCategoryButton.swift */,
			);
			path = Buttons;
			sourceTree = "<group>";
		};
		A3D56C732590B18300E939B0 /* Fonts */ = {
			isa = PBXGroup;
			children = (
				A3614FE52590B23200A34A43 /* Lora-Bold.ttf */,
				A3614FE72590B23200A34A43 /* Lora-Regular.ttf */,
				A3614FE82590B23200A34A43 /* Merriweather-Bold.ttf */,
				A3614FE92590B23200A34A43 /* Merriweather-Light.ttf */,
				A3614FE62590B23200A34A43 /* Merriweather-Regular.ttf */,
			);
			path = Fonts;
			sourceTree = "<group>";
		};
		A3F261E0259CB82000D881EF /* Cells */ = {
			isa = PBXGroup;
			children = (
				A390847825A5C04800CEAFFC /* PCCategoryCell.swift */,
			);
			path = Cells;
			sourceTree = "<group>";
		};
/* End PBXGroup section */

/* Begin PBXNativeTarget section */
		A3D56C4C2590A24E00E939B0 /* Project Cafe */ = {
			isa = PBXNativeTarget;
			buildConfigurationList = A3D56C612590A25000E939B0 /* Build configuration list for PBXNativeTarget "Project Cafe" */;
			buildPhases = (
				A3D56C492590A24E00E939B0 /* Sources */,
				A3D56C4A2590A24E00E939B0 /* Frameworks */,
				A3D56C4B2590A24E00E939B0 /* Resources */,
			);
			buildRules = (
			);
			dependencies = (
			);
			name = "Project Cafe";
			productName = "Project Cafe";
			productReference = A3D56C4D2590A24E00E939B0 /* Project Cafe.app */;
			productType = "com.apple.product-type.application";
		};
/* End PBXNativeTarget section */

/* Begin PBXProject section */
		A3D56C452590A24E00E939B0 /* Project object */ = {
			isa = PBXProject;
			attributes = {
				LastSwiftUpdateCheck = 1220;
				LastUpgradeCheck = 1220;
				TargetAttributes = {
					A3D56C4C2590A24E00E939B0 = {
						CreatedOnToolsVersion = 12.2;
					};
				};
			};
			buildConfigurationList = A3D56C482590A24E00E939B0 /* Build configuration list for PBXProject "Project Cafe" */;
			compatibilityVersion = "Xcode 9.3";
			developmentRegion = en;
			hasScannedForEncodings = 0;
			knownRegions = (
				en,
				Base,
			);
			mainGroup = A3D56C442590A24E00E939B0;
			productRefGroup = A3D56C4E2590A24E00E939B0 /* Products */;
			projectDirPath = "";
			projectRoot = "";
			targets = (
				A3D56C4C2590A24E00E939B0 /* Project Cafe */,
			);
		};
/* End PBXProject section */

/* Begin PBXResourcesBuildPhase section */
		A3D56C4B2590A24E00E939B0 /* Resources */ = {
			isa = PBXResourcesBuildPhase;
			buildActionMask = 2147483647;
			files = (
				A3D56C5D2590A25000E939B0 /* LaunchScreen.storyboard in Resources */,
				A3D56C5A2590A25000E939B0 /* Assets.xcassets in Resources */,
			);
			runOnlyForDeploymentPostprocessing = 0;
		};
/* End PBXResourcesBuildPhase section */

/* Begin PBXSourcesBuildPhase section */
		A3D56C492590A24E00E939B0 /* Sources */ = {
			isa = PBXSourcesBuildPhase;
			buildActionMask = 2147483647;
			files = (
				A31E4DCB2594C8340013BF02 /* UIView+Ext.swift in Sources */,
				A3D6316125A1CE54002B47D4 /* Filter.swift in Sources */,
				A3EF6B94259A558200415952 /* PCIconButton.swift in Sources */,
				A31E4DC32594C7840013BF02 /* PCAlertVC.swift in Sources */,
				A31E4DCF2594C8600013BF02 /* UIViewController+Ext.swift in Sources */,
				A320AB9125B6DE740040D5B3 /* MapVC.swift in Sources */,
				A31EAD7E259224BC00A72021 /* PCTitleLabel.swift in Sources */,
				A390848325A5E9D500CEAFFC /* PCTextField.swift in Sources */,
				A31E4DBE2594C7490013BF02 /* PCAlertContainerView.swift in Sources */,
				A3B5F61125A8653B008B3D0C /* PCFilterButton.swift in Sources */,
				A390847C25A5E6C800CEAFFC /* NewCategoryVC.swift in Sources */,
				A31EAD842592267800A72021 /* ResultsVC.swift in Sources */,
				A390847925A5C04800CEAFFC /* PCCategoryCell.swift in Sources */,
				A31EAD792592244400A72021 /* FilterVC.swift in Sources */,
				A340245525B07F2500037D4A /* PCDatePickerTextField.swift in Sources */,
				A3B5F61725A8B2A3008B3D0C /* UITextField+Ext.swift in Sources */,
				A3D56C552590A24E00E939B0 /* HomeVC.swift in Sources */,
				A390847F25A5E74F00CEAFFC /* PCCategoryNameView.swift in Sources */,
				A35CC2732593647300542907 /* NetworkManager.swift in Sources */,
				A3D56C512590A24E00E939B0 /* AppDelegate.swift in Sources */,
				A347952025B5B92B009B8719 /* PCPriceVC.swift in Sources */,
				A31EAD81259224EC00A72021 /* PCSecondaryLabel.swift in Sources */,
				A390848825A5EEEC00CEAFFC /* PCFilterListView.swift in Sources */,
				A35CC26F25935B2700542907 /* APIKeys.swift in Sources */,
				A3EF6B8D259A0FBF00415952 /* PCHomeScreenButton.swift in Sources */,
				A387573D25B1E7AB00D72FC2 /* PCAnnotationView.swift in Sources */,
				A31E4DBA25936AB70013BF02 /* Cafe.swift in Sources */,
				A3D56C532590A24E00E939B0 /* SceneDelegate.swift in Sources */,
				A34662EF25A596C000F68CAA /* EditCategoryVC.swift in Sources */,
				A3D56C6B2590A66B00E939B0 /* Constants.swift in Sources */,
				A3EF6B97259A580B00415952 /* PCSectionView.swift in Sources */,
				A31E4DC72594C7C30013BF02 /* PCBodyLabel.swift in Sources */,
				A3F8E19325ACAF0700D3595E /* PCNewHomeScreenButton.swift in Sources */,
				A356737E25AF47E800CEAB50 /* PCOpeningHoursVC.swift in Sources */,
				A3E337152598DD380096E74F /* PCHomeTopView.swift in Sources */,
				A3EF6B90259A41A500415952 /* PCLabelSearchView.swift in Sources */,
				A320AB8E25B6C2310040D5B3 /* UIButton+Ext.swift in Sources */,
				A3D56C712590ACFC00E939B0 /* PCButton.swift in Sources */,
				A3B5F61425A86A3F008B3D0C /* PCCategoryButton.swift in Sources */,
				A3D6315E25A1CE22002B47D4 /* Category.swift in Sources */,
			);
			runOnlyForDeploymentPostprocessing = 0;
		};
/* End PBXSourcesBuildPhase section */

/* Begin PBXVariantGroup section */
		A3D56C5B2590A25000E939B0 /* LaunchScreen.storyboard */ = {
			isa = PBXVariantGroup;
			children = (
				A3D56C5C2590A25000E939B0 /* Base */,
			);
			name = LaunchScreen.storyboard;
			sourceTree = "<group>";
		};
/* End PBXVariantGroup section */

/* Begin XCBuildConfiguration section */
		A3D56C5F2590A25000E939B0 /* Debug */ = {
			isa = XCBuildConfiguration;
			buildSettings = {
				ALWAYS_SEARCH_USER_PATHS = NO;
				CLANG_ANALYZER_NONNULL = YES;
				CLANG_ANALYZER_NUMBER_OBJECT_CONVERSION = YES_AGGRESSIVE;
				CLANG_CXX_LANGUAGE_STANDARD = "gnu++14";
				CLANG_CXX_LIBRARY = "libc++";
				CLANG_ENABLE_MODULES = YES;
				CLANG_ENABLE_OBJC_ARC = YES;
				CLANG_ENABLE_OBJC_WEAK = YES;
				CLANG_WARN_BLOCK_CAPTURE_AUTORELEASING = YES;
				CLANG_WARN_BOOL_CONVERSION = YES;
				CLANG_WARN_COMMA = YES;
				CLANG_WARN_CONSTANT_CONVERSION = YES;
				CLANG_WARN_DEPRECATED_OBJC_IMPLEMENTATIONS = YES;
				CLANG_WARN_DIRECT_OBJC_ISA_USAGE = YES_ERROR;
				CLANG_WARN_DOCUMENTATION_COMMENTS = YES;
				CLANG_WARN_EMPTY_BODY = YES;
				CLANG_WARN_ENUM_CONVERSION = YES;
				CLANG_WARN_INFINITE_RECURSION = YES;
				CLANG_WARN_INT_CONVERSION = YES;
				CLANG_WARN_NON_LITERAL_NULL_CONVERSION = YES;
				CLANG_WARN_OBJC_IMPLICIT_RETAIN_SELF = YES;
				CLANG_WARN_OBJC_LITERAL_CONVERSION = YES;
				CLANG_WARN_OBJC_ROOT_CLASS = YES_ERROR;
				CLANG_WARN_QUOTED_INCLUDE_IN_FRAMEWORK_HEADER = YES;
				CLANG_WARN_RANGE_LOOP_ANALYSIS = YES;
				CLANG_WARN_STRICT_PROTOTYPES = YES;
				CLANG_WARN_SUSPICIOUS_MOVE = YES;
				CLANG_WARN_UNGUARDED_AVAILABILITY = YES_AGGRESSIVE;
				CLANG_WARN_UNREACHABLE_CODE = YES;
				CLANG_WARN__DUPLICATE_METHOD_MATCH = YES;
				COPY_PHASE_STRIP = NO;
				DEBUG_INFORMATION_FORMAT = dwarf;
				ENABLE_STRICT_OBJC_MSGSEND = YES;
				ENABLE_TESTABILITY = YES;
				GCC_C_LANGUAGE_STANDARD = gnu11;
				GCC_DYNAMIC_NO_PIC = NO;
				GCC_NO_COMMON_BLOCKS = YES;
				GCC_OPTIMIZATION_LEVEL = 0;
				GCC_PREPROCESSOR_DEFINITIONS = (
					"DEBUG=1",
					"$(inherited)",
				);
				GCC_WARN_64_TO_32_BIT_CONVERSION = YES;
				GCC_WARN_ABOUT_RETURN_TYPE = YES_ERROR;
				GCC_WARN_UNDECLARED_SELECTOR = YES;
				GCC_WARN_UNINITIALIZED_AUTOS = YES_AGGRESSIVE;
				GCC_WARN_UNUSED_FUNCTION = YES;
				GCC_WARN_UNUSED_VARIABLE = YES;
				IPHONEOS_DEPLOYMENT_TARGET = 14.0;
				MTL_ENABLE_DEBUG_INFO = INCLUDE_SOURCE;
				MTL_FAST_MATH = YES;
				ONLY_ACTIVE_ARCH = YES;
				SDKROOT = iphoneos;
				SWIFT_ACTIVE_COMPILATION_CONDITIONS = DEBUG;
				SWIFT_OPTIMIZATION_LEVEL = "-Onone";
			};
			name = Debug;
		};
		A3D56C602590A25000E939B0 /* Release */ = {
			isa = XCBuildConfiguration;
			buildSettings = {
				ALWAYS_SEARCH_USER_PATHS = NO;
				CLANG_ANALYZER_NONNULL = YES;
				CLANG_ANALYZER_NUMBER_OBJECT_CONVERSION = YES_AGGRESSIVE;
				CLANG_CXX_LANGUAGE_STANDARD = "gnu++14";
				CLANG_CXX_LIBRARY = "libc++";
				CLANG_ENABLE_MODULES = YES;
				CLANG_ENABLE_OBJC_ARC = YES;
				CLANG_ENABLE_OBJC_WEAK = YES;
				CLANG_WARN_BLOCK_CAPTURE_AUTORELEASING = YES;
				CLANG_WARN_BOOL_CONVERSION = YES;
				CLANG_WARN_COMMA = YES;
				CLANG_WARN_CONSTANT_CONVERSION = YES;
				CLANG_WARN_DEPRECATED_OBJC_IMPLEMENTATIONS = YES;
				CLANG_WARN_DIRECT_OBJC_ISA_USAGE = YES_ERROR;
				CLANG_WARN_DOCUMENTATION_COMMENTS = YES;
				CLANG_WARN_EMPTY_BODY = YES;
				CLANG_WARN_ENUM_CONVERSION = YES;
				CLANG_WARN_INFINITE_RECURSION = YES;
				CLANG_WARN_INT_CONVERSION = YES;
				CLANG_WARN_NON_LITERAL_NULL_CONVERSION = YES;
				CLANG_WARN_OBJC_IMPLICIT_RETAIN_SELF = YES;
				CLANG_WARN_OBJC_LITERAL_CONVERSION = YES;
				CLANG_WARN_OBJC_ROOT_CLASS = YES_ERROR;
				CLANG_WARN_QUOTED_INCLUDE_IN_FRAMEWORK_HEADER = YES;
				CLANG_WARN_RANGE_LOOP_ANALYSIS = YES;
				CLANG_WARN_STRICT_PROTOTYPES = YES;
				CLANG_WARN_SUSPICIOUS_MOVE = YES;
				CLANG_WARN_UNGUARDED_AVAILABILITY = YES_AGGRESSIVE;
				CLANG_WARN_UNREACHABLE_CODE = YES;
				CLANG_WARN__DUPLICATE_METHOD_MATCH = YES;
				COPY_PHASE_STRIP = NO;
				DEBUG_INFORMATION_FORMAT = "dwarf-with-dsym";
				ENABLE_NS_ASSERTIONS = NO;
				ENABLE_STRICT_OBJC_MSGSEND = YES;
				GCC_C_LANGUAGE_STANDARD = gnu11;
				GCC_NO_COMMON_BLOCKS = YES;
				GCC_WARN_64_TO_32_BIT_CONVERSION = YES;
				GCC_WARN_ABOUT_RETURN_TYPE = YES_ERROR;
				GCC_WARN_UNDECLARED_SELECTOR = YES;
				GCC_WARN_UNINITIALIZED_AUTOS = YES_AGGRESSIVE;
				GCC_WARN_UNUSED_FUNCTION = YES;
				GCC_WARN_UNUSED_VARIABLE = YES;
				IPHONEOS_DEPLOYMENT_TARGET = 14.0;
				MTL_ENABLE_DEBUG_INFO = NO;
				MTL_FAST_MATH = YES;
				SDKROOT = iphoneos;
				SWIFT_COMPILATION_MODE = wholemodule;
				SWIFT_OPTIMIZATION_LEVEL = "-O";
				VALIDATE_PRODUCT = YES;
			};
			name = Release;
		};
		A3D56C622590A25000E939B0 /* Debug */ = {
			isa = XCBuildConfiguration;
			buildSettings = {
				ASSETCATALOG_COMPILER_APPICON_NAME = AppIcon;
				ASSETCATALOG_COMPILER_GLOBAL_ACCENT_COLOR_NAME = AccentColor;
				CODE_SIGN_STYLE = Automatic;
				DEVELOPMENT_TEAM = 39QYXNZ8BL;
				INFOPLIST_FILE = "Project Cafe/Info.plist";
				LD_RUNPATH_SEARCH_PATHS = (
					"$(inherited)",
					"@executable_path/Frameworks",
				);
				PRODUCT_BUNDLE_IDENTIFIER = "com.AllenSu.Project-Cafe";
				PRODUCT_NAME = "$(TARGET_NAME)";
				SWIFT_VERSION = 5.0;
				TARGETED_DEVICE_FAMILY = 1;
			};
			name = Debug;
		};
		A3D56C632590A25000E939B0 /* Release */ = {
			isa = XCBuildConfiguration;
			buildSettings = {
				ASSETCATALOG_COMPILER_APPICON_NAME = AppIcon;
				ASSETCATALOG_COMPILER_GLOBAL_ACCENT_COLOR_NAME = AccentColor;
				CODE_SIGN_STYLE = Automatic;
				DEVELOPMENT_TEAM = 39QYXNZ8BL;
				INFOPLIST_FILE = "Project Cafe/Info.plist";
				LD_RUNPATH_SEARCH_PATHS = (
					"$(inherited)",
					"@executable_path/Frameworks",
				);
				PRODUCT_BUNDLE_IDENTIFIER = "com.AllenSu.Project-Cafe";
				PRODUCT_NAME = "$(TARGET_NAME)";
				SWIFT_VERSION = 5.0;
				TARGETED_DEVICE_FAMILY = 1;
			};
			name = Release;
		};
/* End XCBuildConfiguration section */

/* Begin XCConfigurationList section */
		A3D56C482590A24E00E939B0 /* Build configuration list for PBXProject "Project Cafe" */ = {
			isa = XCConfigurationList;
			buildConfigurations = (
				A3D56C5F2590A25000E939B0 /* Debug */,
				A3D56C602590A25000E939B0 /* Release */,
			);
			defaultConfigurationIsVisible = 0;
			defaultConfigurationName = Release;
		};
		A3D56C612590A25000E939B0 /* Build configuration list for PBXNativeTarget "Project Cafe" */ = {
			isa = XCConfigurationList;
			buildConfigurations = (
				A3D56C622590A25000E939B0 /* Debug */,
				A3D56C632590A25000E939B0 /* Release */,
			);
			defaultConfigurationIsVisible = 0;
			defaultConfigurationName = Release;
		};
/* End XCConfigurationList section */
	};
	rootObject = A3D56C452590A24E00E939B0 /* Project object */;
}
